
Microsoft Visual Studio Solution File, Format Version 12.00
Project("{FAE04EC0-301F-11D3-BF4B-00C04F79EFBC}") = "Project Jumpstart Undertale Mod Manager", "Project Jumpstart Undertale Mod Manager\Project Jumpstart Undertale Mod Manager.csproj", "{ECFA3846-1339-4F2A-AB84-99F708C19514}"
EndProject
Project("{FAE04EC0-301F-11D3-BF4B-00C04F79EFBC}") = "UndertaleModLib", "UndertaleModTool\UndertaleModLib\UndertaleModLib.csproj", "{18BAD959-0FA8-4C89-9E67-7850A67E4644}"
EndProject
Project("{FAE04EC0-301F-11D3-BF4B-00C04F79EFBC}") = "Underanalyzer", "..\UndertaleModToolAvaloniaUI\Underanalyzer\Underanalyzer\Underanalyzer.csproj", "{C64F0CE5-114B-4ECC-8A3A-5BBDB531EE3B}"
EndProject
Project("{FAE04EC0-301F-11D3-BF4B-00C04F79EFBC}") = "Project Jumpstart Undertale Mod Manager.Core", "Project Jumpstart Undertale Mod Manager.Core\Project Jumpstart Undertale Mod Manager.Core.csproj", "{8C27BE57-0D76-4FF0-8959-99BACD72CA1E}"
EndProject
Project("{FAE04EC0-301F-11D3-BF4B-00C04F79EFBC}") = "ArchTests", "ArchTests\ArchTests.csproj", "{BD7E08E1-E62A-40F6-90B0-7F46EE0D4B18}"
EndProject
Project("{FAE04EC0-301F-11D3-BF4B-00C04F79EFBC}") = "MergeTests", "MergeTests\MergeTests.csproj", "{07045911-08D9-4428-A3F4-F00AB927FE44}"
EndProject
Global
	GlobalSection(SolutionConfigurationPlatforms) = preSolution
		Debug|Any CPU = Debug|Any CPU
		Debug|x64 = Debug|x64
		Debug|x86 = Debug|x86
		Release|Any CPU = Release|Any CPU
		Release|x64 = Release|x64
		Release|x86 = Release|x86
	EndGlobalSection
	GlobalSection(ProjectConfigurationPlatforms) = postSolution
		{ECFA3846-1339-4F2A-AB84-99F708C19514}.Debug|Any CPU.ActiveCfg = Debug|Any CPU
		{ECFA3846-1339-4F2A-AB84-99F708C19514}.Debug|Any CPU.Build.0 = Debug|Any CPU
		{ECFA3846-1339-4F2A-AB84-99F708C19514}.Debug|x64.ActiveCfg = Debug|Any CPU
		{ECFA3846-1339-4F2A-AB84-99F708C19514}.Debug|x64.Build.0 = Debug|Any CPU
		{ECFA3846-1339-4F2A-AB84-99F708C19514}.Debug|x86.ActiveCfg = Debug|Any CPU
		{ECFA3846-1339-4F2A-AB84-99F708C19514}.Debug|x86.Build.0 = Debug|Any CPU
		{ECFA3846-1339-4F2A-AB84-99F708C19514}.Release|Any CPU.ActiveCfg = Release|Any CPU
		{ECFA3846-1339-4F2A-AB84-99F708C19514}.Release|Any CPU.Build.0 = Release|Any CPU
		{ECFA3846-1339-4F2A-AB84-99F708C19514}.Release|x64.ActiveCfg = Release|Any CPU
		{ECFA3846-1339-4F2A-AB84-99F708C19514}.Release|x64.Build.0 = Release|Any CPU
		{ECFA3846-1339-4F2A-AB84-99F708C19514}.Release|x86.ActiveCfg = Release|Any CPU
		{ECFA3846-1339-4F2A-AB84-99F708C19514}.Release|x86.Build.0 = Release|Any CPU
		{18BAD959-0FA8-4C89-9E67-7850A67E4644}.Debug|Any CPU.ActiveCfg = Debug|Any CPU
		{18BAD959-0FA8-4C89-9E67-7850A67E4644}.Debug|Any CPU.Build.0 = Debug|Any CPU
		{18BAD959-0FA8-4C89-9E67-7850A67E4644}.Debug|x64.ActiveCfg = Debug|Any CPU
		{18BAD959-0FA8-4C89-9E67-7850A67E4644}.Debug|x64.Build.0 = Debug|Any CPU
		{18BAD959-0FA8-4C89-9E67-7850A67E4644}.Debug|x86.ActiveCfg = Debug|Any CPU
		{18BAD959-0FA8-4C89-9E67-7850A67E4644}.Debug|x86.Build.0 = Debug|Any CPU
		{18BAD959-0FA8-4C89-9E67-7850A67E4644}.Release|Any CPU.ActiveCfg = Release|Any CPU
		{18BAD959-0FA8-4C89-9E67-7850A67E4644}.Release|Any CPU.Build.0 = Release|Any CPU
		{18BAD959-0FA8-4C89-9E67-7850A67E4644}.Release|x64.ActiveCfg = Release|Any CPU
		{18BAD959-0FA8-4C89-9E67-7850A67E4644}.Release|x64.Build.0 = Release|Any CPU
		{18BAD959-0FA8-4C89-9E67-7850A67E4644}.Release|x86.ActiveCfg = Release|Any CPU
		{18BAD959-0FA8-4C89-9E67-7850A67E4644}.Release|x86.Build.0 = Release|Any CPU
		{C64F0CE5-114B-4ECC-8A3A-5BBDB531EE3B}.Debug|Any CPU.ActiveCfg = Debug|Any CPU
		{C64F0CE5-114B-4ECC-8A3A-5BBDB531EE3B}.Debug|Any CPU.Build.0 = Debug|Any CPU
		{C64F0CE5-114B-4ECC-8A3A-5BBDB531EE3B}.Debug|x64.ActiveCfg = Debug|Any CPU
		{C64F0CE5-114B-4ECC-8A3A-5BBDB531EE3B}.Debug|x64.Build.0 = Debug|Any CPU
		{C64F0CE5-114B-4ECC-8A3A-5BBDB531EE3B}.Debug|x86.ActiveCfg = Debug|Any CPU
		{C64F0CE5-114B-4ECC-8A3A-5BBDB531EE3B}.Debug|x86.Build.0 = Debug|Any CPU
		{C64F0CE5-114B-4ECC-8A3A-5BBDB531EE3B}.Release|Any CPU.ActiveCfg = Release|Any CPU
		{C64F0CE5-114B-4ECC-8A3A-5BBDB531EE3B}.Release|Any CPU.Build.0 = Release|Any CPU
		{C64F0CE5-114B-4ECC-8A3A-5BBDB531EE3B}.Release|x64.ActiveCfg = Release|Any CPU
		{C64F0CE5-114B-4ECC-8A3A-5BBDB531EE3B}.Release|x64.Build.0 = Release|Any CPU
		{C64F0CE5-114B-4ECC-8A3A-5BBDB531EE3B}.Release|x86.ActiveCfg = Release|Any CPU
		{C64F0CE5-114B-4ECC-8A3A-5BBDB531EE3B}.Release|x86.Build.0 = Release|Any CPU
		{8C27BE57-0D76-4FF0-8959-99BACD72CA1E}.Debug|Any CPU.ActiveCfg = Debug|Any CPU
		{8C27BE57-0D76-4FF0-8959-99BACD72CA1E}.Debug|Any CPU.Build.0 = Debug|Any CPU
		{8C27BE57-0D76-4FF0-8959-99BACD72CA1E}.Debug|x64.ActiveCfg = Debug|Any CPU
		{8C27BE57-0D76-4FF0-8959-99BACD72CA1E}.Debug|x64.Build.0 = Debug|Any CPU
		{8C27BE57-0D76-4FF0-8959-99BACD72CA1E}.Debug|x86.ActiveCfg = Debug|Any CPU
		{8C27BE57-0D76-4FF0-8959-99BACD72CA1E}.Debug|x86.Build.0 = Debug|Any CPU
		{8C27BE57-0D76-4FF0-8959-99BACD72CA1E}.Release|Any CPU.ActiveCfg = Release|Any CPU
		{8C27BE57-0D76-4FF0-8959-99BACD72CA1E}.Release|Any CPU.Build.0 = Release|Any CPU
		{8C27BE57-0D76-4FF0-8959-99BACD72CA1E}.Release|x64.ActiveCfg = Release|Any CPU
		{8C27BE57-0D76-4FF0-8959-99BACD72CA1E}.Release|x64.Build.0 = Release|Any CPU
		{8C27BE57-0D76-4FF0-8959-99BACD72CA1E}.Release|x86.ActiveCfg = Release|Any CPU
		{8C27BE57-0D76-4FF0-8959-99BACD72CA1E}.Release|x86.Build.0 = Release|Any CPU
		{BD7E08E1-E62A-40F6-90B0-7F46EE0D4B18}.Debug|Any CPU.ActiveCfg = Debug|Any CPU
		{BD7E08E1-E62A-40F6-90B0-7F46EE0D4B18}.Debug|Any CPU.Build.0 = Debug|Any CPU
		{BD7E08E1-E62A-40F6-90B0-7F46EE0D4B18}.Debug|x64.ActiveCfg = Debug|Any CPU
		{BD7E08E1-E62A-40F6-90B0-7F46EE0D4B18}.Debug|x64.Build.0 = Debug|Any CPU
		{BD7E08E1-E62A-40F6-90B0-7F46EE0D4B18}.Debug|x86.ActiveCfg = Debug|Any CPU
		{BD7E08E1-E62A-40F6-90B0-7F46EE0D4B18}.Debug|x86.Build.0 = Debug|Any CPU
		{BD7E08E1-E62A-40F6-90B0-7F46EE0D4B18}.Release|Any CPU.ActiveCfg = Release|Any CPU
		{BD7E08E1-E62A-40F6-90B0-7F46EE0D4B18}.Release|Any CPU.Build.0 = Release|Any CPU
		{BD7E08E1-E62A-40F6-90B0-7F46EE0D4B18}.Release|x64.ActiveCfg = Release|Any CPU
		{BD7E08E1-E62A-40F6-90B0-7F46EE0D4B18}.Release|x64.Build.0 = Release|Any CPU
		{BD7E08E1-E62A-40F6-90B0-7F46EE0D4B18}.Release|x86.ActiveCfg = Release|Any CPU
		{BD7E08E1-E62A-40F6-90B0-7F46EE0D4B18}.Release|x86.Build.0 = Release|Any CPU
		{07045911-08D9-4428-A3F4-F00AB927FE44}.Debug|Any CPU.ActiveCfg = Debug|Any CPU
		{07045911-08D9-4428-A3F4-F00AB927FE44}.Debug|Any CPU.Build.0 = Debug|Any CPU
		{07045911-08D9-4428-A3F4-F00AB927FE44}.Debug|x64.ActiveCfg = Debug|Any CPU
		{07045911-08D9-4428-A3F4-F00AB927FE44}.Debug|x64.Build.0 = Debug|Any CPU
		{07045911-08D9-4428-A3F4-F00AB927FE44}.Debug|x86.ActiveCfg = Debug|Any CPU
		{07045911-08D9-4428-A3F4-F00AB927FE44}.Debug|x86.Build.0 = Debug|Any CPU
		{07045911-08D9-4428-A3F4-F00AB927FE44}.Release|Any CPU.ActiveCfg = Release|Any CPU
		{07045911-08D9-4428-A3F4-F00AB927FE44}.Release|Any CPU.Build.0 = Release|Any CPU
		{07045911-08D9-4428-A3F4-F00AB927FE44}.Release|x64.ActiveCfg = Release|Any CPU
		{07045911-08D9-4428-A3F4-F00AB927FE44}.Release|x64.Build.0 = Release|Any CPU
		{07045911-08D9-4428-A3F4-F00AB927FE44}.Release|x86.ActiveCfg = Release|Any CPU
		{07045911-08D9-4428-A3F4-F00AB927FE44}.Release|x86.Build.0 = Release|Any CPU
	EndGlobalSection
	GlobalSection(SolutionProperties) = preSolution
		HideSolutionNode = FALSE
	EndGlobalSection
EndGlobal
